
Microsoft Visual Studio Solution File, Format Version 12.00
# Visual Studio Version 17
VisualStudioVersion = 17.0.32014.148
MinimumVisualStudioVersion = 10.0.40219.1
Project("{FAE04EC0-301F-11D3-BF4B-00C04F79EFBC}") = "ConsoleApp1", "ConsoleApp1\ConsoleApp1.csproj", "{65384EAC-2979-405A-9345-35B5031AA7AF}"
EndProject
Global
	GlobalSection(SolutionConfigurationPlatforms) = preSolution
		Debug|Any CPU = Debug|Any CPU
		Release|Any CPU = Release|Any CPU
	EndGlobalSection
	GlobalSection(ProjectConfigurationPlatforms) = postSolution
		{65384EAC-2979-405A-9345-35B5031AA7AF}.Debug|Any CPU.ActiveCfg = Debug|Any CPU
		{65384EAC-2979-405A-9345-35B5031AA7AF}.Debug|Any CPU.Build.0 = Debug|Any CPU
		{65384EAC-2979-405A-9345-35B5031AA7AF}.Release|Any CPU.ActiveCfg = Release|Any CPU
		{65384EAC-2979-405A-9345-35B5031AA7AF}.Release|Any CPU.Build.0 = Release|Any CPU
	EndGlobalSection
	GlobalSection(SolutionProperties) = preSolution
		HideSolutionNode = FALSE
	EndGlobalSection
	GlobalSection(ExtensibilityGlobals) = postSolution
		SolutionGuid = {C85AF760-7864-4D43-80A9-267B16CDF98E}
	EndGlobalSection
EndGlobal
